
Microsoft Visual Studio Solution File, Format Version 12.00
Project("{FAE04EC0-301F-11D3-BF4B-00C04F79EFBC}") = "Lab05", "Lab05\Lab05.csproj", "{BC1A79F1-0ADA-41D9-B530-B9F96C66F2F6}"
EndProject
Global
	GlobalSection(SolutionConfigurationPlatforms) = preSolution
		Debug|Any CPU = Debug|Any CPU
		Release|Any CPU = Release|Any CPU
	EndGlobalSection
	GlobalSection(ProjectConfigurationPlatforms) = postSolution
		{BC1A79F1-0ADA-41D9-B530-B9F96C66F2F6}.Debug|Any CPU.ActiveCfg = Debug|Any CPU
		{BC1A79F1-0ADA-41D9-B530-B9F96C66F2F6}.Debug|Any CPU.Build.0 = Debug|Any CPU
		{BC1A79F1-0ADA-41D9-B530-B9F96C66F2F6}.Release|Any CPU.ActiveCfg = Release|Any CPU
		{BC1A79F1-0ADA-41D9-B530-B9F96C66F2F6}.Release|Any CPU.Build.0 = Release|Any CPU
	EndGlobalSection
EndGlobal
